<?xml version="1.0" encoding="utf-8"?>
<Project ToolsVersion="4.0" xmlns="http://schemas.microsoft.com/developer/msbuild/2003">
  <ItemGroup>
    <Filter Include="ソース ファイル">
      <UniqueIdentifier>{4FC737F1-C7A5-4376-A066-2A32D752A2FF}</UniqueIdentifier>
      <Extensions>cpp;c;cc;cxx;c++;cppm;ixx;def;odl;idl;hpj;bat;asm;asmx</Extensions>
    </Filter>
    <Filter Include="ヘッダー ファイル">
      <UniqueIdentifier>{93995380-89BD-4b04-88EB-625FBE52EBFB}</UniqueIdentifier>
      <Extensions>h;hh;hpp;hxx;h++;hm;inl;inc;ipp;xsd</Extensions>
    </Filter>
    <Filter Include="リソース ファイル">
      <UniqueIdentifier>{67DA6AB6-F800-4c08-8B7A-83BB121AAD01}</UniqueIdentifier>
      <Extensions>rc;ico;cur;bmp;dlg;rc2;rct;bin;rgs;gif;jpg;jpeg;jpe;resx;tiff;tif;png;wav;mfcribbon-ms</Extensions>
    </Filter>
    <Filter Include="ヘッダー ファイル\main">
      <UniqueIdentifier>{b41171f5-b130-4044-ba4d-88b91c6f54fc}</UniqueIdentifier>
    </Filter>
    <Filter Include="ソース ファイル\main">
      <UniqueIdentifier>{417e64b4-f713-4444-9056-52d5a2dda16f}</UniqueIdentifier>
    </Filter>
    <Filter Include="ソース ファイル\main\Frame">
      <UniqueIdentifier>{9e7fda84-e534-4b5d-8b26-dc2e2f27c2a5}</UniqueIdentifier>
    </Filter>
    <Filter Include="ソース ファイル\main\Object">
      <UniqueIdentifier>{d4a93d6d-9d96-451f-baef-d9d4ae296c15}</UniqueIdentifier>
    </Filter>
    <Filter Include="ヘッダー ファイル\main\Frame">
      <UniqueIdentifier>{79765e4f-e697-4e0d-997a-9806ddb42bd5}</UniqueIdentifier>
    </Filter>
    <Filter Include="ヘッダー ファイル\main\Object">
      <UniqueIdentifier>{e908a6b9-bbe6-4e85-a38d-1e18d4f4d068}</UniqueIdentifier>
    </Filter>
  </ItemGroup>
  <ItemGroup>
    <ClCompile Include="MysteryLibrary.cpp">
      <Filter>ソース ファイル</Filter>
    </ClCompile>
    <ClCompile Include="main\source\Frame\MysteryFrame.cpp">
      <Filter>ソース ファイル\main\Frame</Filter>
    </ClCompile>
    <ClCompile Include="main\source\Object\Object.cpp">
      <Filter>ソース ファイル\main\Object</Filter>
    </ClCompile>
  </ItemGroup>
  <ItemGroup>
    <ClInclude Include="main\header\Frame\MysteryFrame.h">
      <Filter>ヘッダー ファイル\main\Frame</Filter>
    </ClInclude>
    <ClInclude Include="main\header\Object\Object.h">
      <Filter>ヘッダー ファイル\main\Object</Filter>
    </ClInclude>
  </ItemGroup>
</Project>